// !$*UTF8*$!
{
	archiveVersion = 1;
	classes = {
	};
	objectVersion = 55;
	objects = {

/* Begin PBXBuildFile section */
		EE7D608F28C594D6005AD0C8 /* AppDelegate.swift in Sources */ = {isa = PBXBuildFile; fileRef = EE7D608E28C594D6005AD0C8 /* AppDelegate.swift */; };
		EE7D609128C594D6005AD0C8 /* SceneDelegate.swift in Sources */ = {isa = PBXBuildFile; fileRef = EE7D609028C594D6005AD0C8 /* SceneDelegate.swift */; };
		EE7D609328C594D6005AD0C8 /* ViewController.swift in Sources */ = {isa = PBXBuildFile; fileRef = EE7D609228C594D6005AD0C8 /* ViewController.swift */; };
		EE7D609628C594D6005AD0C8 /* Main.storyboard in Resources */ = {isa = PBXBuildFile; fileRef = EE7D609428C594D6005AD0C8 /* Main.storyboard */; };
		EE7D609928C594D6005AD0C8 /* UPS_Tracker.xcdatamodeld in Sources */ = {isa = PBXBuildFile; fileRef = EE7D609728C594D6005AD0C8 /* UPS_Tracker.xcdatamodeld */; };
		EE7D609B28C594D7005AD0C8 /* Assets.xcassets in Resources */ = {isa = PBXBuildFile; fileRef = EE7D609A28C594D7005AD0C8 /* Assets.xcassets */; };
		EE7D609E28C594D7005AD0C8 /* LaunchScreen.storyboard in Resources */ = {isa = PBXBuildFile; fileRef = EE7D609C28C594D7005AD0C8 /* LaunchScreen.storyboard */; };
/* End PBXBuildFile section */

/* Begin PBXFileReference section */
		EE7D608B28C594D6005AD0C8 /* UPS Tracker.app */ = {isa = PBXFileReference; explicitFileType = wrapper.application; includeInIndex = 0; path = "UPS Tracker.app"; sourceTree = BUILT_PRODUCTS_DIR; };
		EE7D608E28C594D6005AD0C8 /* AppDelegate.swift */ = {isa = PBXFileReference; lastKnownFileType = sourcecode.swift; path = AppDelegate.swift; sourceTree = "<group>"; };
		EE7D609028C594D6005AD0C8 /* SceneDelegate.swift */ = {isa = PBXFileReference; lastKnownFileType = sourcecode.swift; path = SceneDelegate.swift; sourceTree = "<group>"; };
		EE7D609228C594D6005AD0C8 /* ViewController.swift */ = {isa = PBXFileReference; lastKnownFileType = sourcecode.swift; path = ViewController.swift; sourceTree = "<group>"; };
		EE7D609528C594D6005AD0C8 /* Base */ = {isa = PBXFileReference; lastKnownFileType = file.storyboard; name = Base; path = Base.lproj/Main.storyboard; sourceTree = "<group>"; };
		EE7D609828C594D6005AD0C8 /* UPS_Tracker.xcdatamodel */ = {isa = PBXFileReference; lastKnownFileType = wrapper.xcdatamodel; path = UPS_Tracker.xcdatamodel; sourceTree = "<group>"; };
		EE7D609A28C594D7005AD0C8 /* Assets.xcassets */ = {isa = PBXFileReference; lastKnownFileType = folder.assetcatalog; path = Assets.xcassets; sourceTree = "<group>"; };
		EE7D609D28C594D7005AD0C8 /* Base */ = {isa = PBXFileReference; lastKnownFileType = file.storyboard; name = Base; path = Base.lproj/LaunchScreen.storyboard; sourceTree = "<group>"; };
		EE7D609F28C594D7005AD0C8 /* Info.plist */ = {isa = PBXFileReference; lastKnownFileType = text.plist.xml; path = Info.plist; sourceTree = "<group>"; };
/* End PBXFileReference section */

/* Begin PBXFrameworksBuildPhase section */
		EE7D608828C594D6005AD0C8 /* Frameworks */ = {
			isa = PBXFrameworksBuildPhase;
			buildActionMask = 2147483647;
			files = (
			);
			runOnlyForDeploymentPostprocessing = 0;
		};
/* End PBXFrameworksBuildPhase section */

/* Begin PBXGroup section */
		EE7D608228C594D5005AD0C8 = {
			isa = PBXGroup;
			children = (
				EE7D608D28C594D6005AD0C8 /* UPS Tracker */,
				EE7D608C28C594D6005AD0C8 /* Products */,
			);
			sourceTree = "<group>";
		};
		EE7D608C28C594D6005AD0C8 /* Products */ = {
			isa = PBXGroup;
			children = (
				EE7D608B28C594D6005AD0C8 /* UPS Tracker.app */,
			);
			name = Products;
			sourceTree = "<group>";
		};
		EE7D608D28C594D6005AD0C8 /* UPS Tracker */ = {
			isa = PBXGroup;
			children = (
				EE7D608E28C594D6005AD0C8 /* AppDelegate.swift */,
				EE7D609028C594D6005AD0C8 /* SceneDelegate.swift */,
				EE7D609228C594D6005AD0C8 /* ViewController.swift */,
				EE7D609428C594D6005AD0C8 /* Main.storyboard */,
				EE7D609A28C594D7005AD0C8 /* Assets.xcassets */,
				EE7D609C28C594D7005AD0C8 /* LaunchScreen.storyboard */,
				EE7D609F28C594D7005AD0C8 /* Info.plist */,
				EE7D609728C594D6005AD0C8 /* UPS_Tracker.xcdatamodeld */,
			);
			path = "UPS Tracker";
			sourceTree = "<group>";
		};
/* End PBXGroup section */

/* Begin PBXNativeTarget section */
		EE7D608A28C594D6005AD0C8 /* UPS Tracker */ = {
			isa = PBXNativeTarget;
			buildConfigurationList = EE7D60A228C594D7005AD0C8 /* Build configuration list for PBXNativeTarget "UPS Tracker" */;
			buildPhases = (
				EE7D608728C594D6005AD0C8 /* Sources */,
				EE7D608828C594D6005AD0C8 /* Frameworks */,
				EE7D608928C594D6005AD0C8 /* Resources */,
			);
			buildRules = (
			);
			dependencies = (
			);
			name = "UPS Tracker";
			productName = "UPS Tracker";
			productReference = EE7D608B28C594D6005AD0C8 /* UPS Tracker.app */;
			productType = "com.apple.product-type.application";
		};
/* End PBXNativeTarget section */

/* Begin PBXProject section */
		EE7D608328C594D5005AD0C8 /* Project object */ = {
			isa = PBXProject;
			attributes = {
				BuildIndependentTargetsInParallel = 1;
				LastSwiftUpdateCheck = 1340;
				LastUpgradeCheck = 1340;
				TargetAttributes = {
					EE7D608A28C594D6005AD0C8 = {
						CreatedOnToolsVersion = 13.4.1;
					};
				};
			};
			buildConfigurationList = EE7D608628C594D5005AD0C8 /* Build configuration list for PBXProject "UPS Tracker" */;
			compatibilityVersion = "Xcode 13.0";
			developmentRegion = en;
			hasScannedForEncodings = 0;
			knownRegions = (
				en,
				Base,
			);
			mainGroup = EE7D608228C594D5005AD0C8;
			productRefGroup = EE7D608C28C594D6005AD0C8 /* Products */;
			projectDirPath = "";
			projectRoot = "";
			targets = (
				EE7D608A28C594D6005AD0C8 /* UPS Tracker */,
			);
		};
/* End PBXProject section */

/* Begin PBXResourcesBuildPhase section */
		EE7D608928C594D6005AD0C8 /* Resources */ = {
			isa = PBXResourcesBuildPhase;
			buildActionMask = 2147483647;
			files = (
				EE7D609E28C594D7005AD0C8 /* LaunchScreen.storyboard in Resources */,
				EE7D609B28C594D7005AD0C8 /* Assets.xcassets in Resources */,
				EE7D609628C594D6005AD0C8 /* Main.storyboard in Resources */,
			);
			runOnlyForDeploymentPostprocessing = 0;
		};
/* End PBXResourcesBuildPhase section */

/* Begin PBXSourcesBuildPhase section */
		EE7D608728C594D6005AD0C8 /* Sources */ = {
			isa = PBXSourcesBuildPhase;
			buildActionMask = 2147483647;
			files = (
				EE7D609328C594D6005AD0C8 /* ViewController.swift in Sources */,
				EE7D608F28C594D6005AD0C8 /* AppDelegate.swift in Sources */,
				EE7D609128C594D6005AD0C8 /* SceneDelegate.swift in Sources */,
				EE7D609928C594D6005AD0C8 /* UPS_Tracker.xcdatamodeld in Sources */,
			);
			runOnlyForDeploymentPostprocessing = 0;
		};
/* End PBXSourcesBuildPhase section */

/* Begin PBXVariantGroup section */
		EE7D609428C594D6005AD0C8 /* Main.storyboard */ = {
			isa = PBXVariantGroup;
			children = (
				EE7D609528C594D6005AD0C8 /* Base */,
			);
			name = Main.storyboard;
			sourceTree = "<group>";
		};
		EE7D609C28C594D7005AD0C8 /* LaunchScreen.storyboard */ = {
			isa = PBXVariantGroup;
			children = (
				EE7D609D28C594D7005AD0C8 /* Base */,
			);
			name = LaunchScreen.storyboard;
			sourceTree = "<group>";
		};
/* End PBXVariantGroup section */

/* Begin XCBuildConfiguration section */
		EE7D60A028C594D7005AD0C8 /* Debug */ = {
			isa = XCBuildConfiguration;
			buildSettings = {
				ALWAYS_SEARCH_USER_PATHS = NO;
				CLANG_ANALYZER_NONNULL = YES;
				CLANG_ANALYZER_NUMBER_OBJECT_CONVERSION = YES_AGGRESSIVE;
				CLANG_CXX_LANGUAGE_STANDARD = "gnu++17";
				CLANG_ENABLE_MODULES = YES;
				CLANG_ENABLE_OBJC_ARC = YES;
				CLANG_ENABLE_OBJC_WEAK = YES;
				CLANG_WARN_BLOCK_CAPTURE_AUTORELEASING = YES;
				CLANG_WARN_BOOL_CONVERSION = YES;
				CLANG_WARN_COMMA = YES;
				CLANG_WARN_CONSTANT_CONVERSION = YES;
				CLANG_WARN_DEPRECATED_OBJC_IMPLEMENTATIONS = YES;
				CLANG_WARN_DIRECT_OBJC_ISA_USAGE = YES_ERROR;
				CLANG_WARN_DOCUMENTATION_COMMENTS = YES;
				CLANG_WARN_EMPTY_BODY = YES;
				CLANG_WARN_ENUM_CONVERSION = YES;
				CLANG_WARN_INFINITE_RECURSION = YES;
				CLANG_WARN_INT_CONVERSION = YES;
				CLANG_WARN_NON_LITERAL_NULL_CONVERSION = YES;
				CLANG_WARN_OBJC_IMPLICIT_RETAIN_SELF = YES;
				CLANG_WARN_OBJC_LITERAL_CONVERSION = YES;
				CLANG_WARN_OBJC_ROOT_CLASS = YES_ERROR;
				CLANG_WARN_QUOTED_INCLUDE_IN_FRAMEWORK_HEADER = YES;
				CLANG_WARN_RANGE_LOOP_ANALYSIS = YES;
				CLANG_WARN_STRICT_PROTOTYPES = YES;
				CLANG_WARN_SUSPICIOUS_MOVE = YES;
				CLANG_WARN_UNGUARDED_AVAILABILITY = YES_AGGRESSIVE;
				CLANG_WARN_UNREACHABLE_CODE = YES;
				CLANG_WARN__DUPLICATE_METHOD_MATCH = YES;
				COPY_PHASE_STRIP = NO;
				DEBUG_INFORMATION_FORMAT = dwarf;
				ENABLE_STRICT_OBJC_MSGSEND = YES;
				ENABLE_TESTABILITY = YES;
				GCC_C_LANGUAGE_STANDARD = gnu11;
				GCC_DYNAMIC_NO_PIC = NO;
				GCC_NO_COMMON_BLOCKS = YES;
				GCC_OPTIMIZATION_LEVEL = 0;
				GCC_PREPROCESSOR_DEFINITIONS = (
					"DEBUG=1",
					"$(inherited)",
				);
				GCC_WARN_64_TO_32_BIT_CONVERSION = YES;
				GCC_WARN_ABOUT_RETURN_TYPE = YES_ERROR;
				GCC_WARN_UNDECLARED_SELECTOR = YES;
				GCC_WARN_UNINITIALIZED_AUTOS = YES_AGGRESSIVE;
				GCC_WARN_UNUSED_FUNCTION = YES;
				GCC_WARN_UNUSED_VARIABLE = YES;
				IPHONEOS_DEPLOYMENT_TARGET = 15.5;
				MTL_ENABLE_DEBUG_INFO = INCLUDE_SOURCE;
				MTL_FAST_MATH = YES;
				ONLY_ACTIVE_ARCH = YES;
				SDKROOT = iphoneos;
				SWIFT_ACTIVE_COMPILATION_CONDITIONS = DEBUG;
				SWIFT_OPTIMIZATION_LEVEL = "-Onone";
			};
			name = Debug;
		};
		EE7D60A128C594D7005AD0C8 /* Release */ = {
			isa = XCBuildConfiguration;
			buildSettings = {
				ALWAYS_SEARCH_USER_PATHS = NO;
				CLANG_ANALYZER_NONNULL = YES;
				CLANG_ANALYZER_NUMBER_OBJECT_CONVERSION = YES_AGGRESSIVE;
				CLANG_CXX_LANGUAGE_STANDARD = "gnu++17";
				CLANG_ENABLE_MODULES = YES;
				CLANG_ENABLE_OBJC_ARC = YES;
				CLANG_ENABLE_OBJC_WEAK = YES;
				CLANG_WARN_BLOCK_CAPTURE_AUTORELEASING = YES;
				CLANG_WARN_BOOL_CONVERSION = YES;
				CLANG_WARN_COMMA = YES;
				CLANG_WARN_CONSTANT_CONVERSION = YES;
				CLANG_WARN_DEPRECATED_OBJC_IMPLEMENTATIONS = YES;
				CLANG_WARN_DIRECT_OBJC_ISA_USAGE = YES_ERROR;
				CLANG_WARN_DOCUMENTATION_COMMENTS = YES;
				CLANG_WARN_EMPTY_BODY = YES;
				CLANG_WARN_ENUM_CONVERSION = YES;
				CLANG_WARN_INFINITE_RECURSION = YES;
				CLANG_WARN_INT_CONVERSION = YES;
				CLANG_WARN_NON_LITERAL_NULL_CONVERSION = YES;
				CLANG_WARN_OBJC_IMPLICIT_RETAIN_SELF = YES;
				CLANG_WARN_OBJC_LITERAL_CONVERSION = YES;
				CLANG_WARN_OBJC_ROOT_CLASS = YES_ERROR;
				CLANG_WARN_QUOTED_INCLUDE_IN_FRAMEWORK_HEADER = YES;
				CLANG_WARN_RANGE_LOOP_ANALYSIS = YES;
				CLANG_WARN_STRICT_PROTOTYPES = YES;
				CLANG_WARN_SUSPICIOUS_MOVE = YES;
				CLANG_WARN_UNGUARDED_AVAILABILITY = YES_AGGRESSIVE;
				CLANG_WARN_UNREACHABLE_CODE = YES;
				CLANG_WARN__DUPLICATE_METHOD_MATCH = YES;
				COPY_PHASE_STRIP = NO;
				DEBUG_INFORMATION_FORMAT = "dwarf-with-dsym";
				ENABLE_NS_ASSERTIONS = NO;
				ENABLE_STRICT_OBJC_MSGSEND = YES;
				GCC_C_LANGUAGE_STANDARD = gnu11;
				GCC_NO_COMMON_BLOCKS = YES;
				GCC_WARN_64_TO_32_BIT_CONVERSION = YES;
				GCC_WARN_ABOUT_RETURN_TYPE = YES_ERROR;
				GCC_WARN_UNDECLARED_SELECTOR = YES;
				GCC_WARN_UNINITIALIZED_AUTOS = YES_AGGRESSIVE;
				GCC_WARN_UNUSED_FUNCTION = YES;
				GCC_WARN_UNUSED_VARIABLE = YES;
				IPHONEOS_DEPLOYMENT_TARGET = 15.5;
				MTL_ENABLE_DEBUG_INFO = NO;
				MTL_FAST_MATH = YES;
				SDKROOT = iphoneos;
				SWIFT_COMPILATION_MODE = wholemodule;
				SWIFT_OPTIMIZATION_LEVEL = "-O";
				VALIDATE_PRODUCT = YES;
			};
			name = Release;
		};
		EE7D60A328C594D7005AD0C8 /* Debug */ = {
			isa = XCBuildConfiguration;
			buildSettings = {
				ASSETCATALOG_COMPILER_APPICON_NAME = AppIcon;
				ASSETCATALOG_COMPILER_GLOBAL_ACCENT_COLOR_NAME = AccentColor;
				CODE_SIGN_STYLE = Automatic;
				CURRENT_PROJECT_VERSION = 1;
				DEVELOPMENT_TEAM = 4G4YKXJ9A6;
				GENERATE_INFOPLIST_FILE = YES;
				INFOPLIST_FILE = "UPS Tracker/Info.plist";
				INFOPLIST_KEY_UIApplicationSupportsIndirectInputEvents = YES;
				INFOPLIST_KEY_UILaunchStoryboardName = LaunchScreen;
				INFOPLIST_KEY_UIMainStoryboardFile = Main;
				INFOPLIST_KEY_UISupportedInterfaceOrientations_iPad = "UIInterfaceOrientationPortrait UIInterfaceOrientationPortraitUpsideDown UIInterfaceOrientationLandscapeLeft UIInterfaceOrientationLandscapeRight";
				INFOPLIST_KEY_UISupportedInterfaceOrientations_iPhone = "UIInterfaceOrientationPortrait UIInterfaceOrientationLandscapeLeft UIInterfaceOrientationLandscapeRight";
				LD_RUNPATH_SEARCH_PATHS = (
					"$(inherited)",
					"@executable_path/Frameworks",
				);
				MARKETING_VERSION = 1.0;
				PRODUCT_BUNDLE_IDENTIFIER = "AdebayoSotannde.UPS-Tracker";
				PRODUCT_NAME = "$(TARGET_NAME)";
				SWIFT_EMIT_LOC_STRINGS = YES;
				SWIFT_VERSION = 5.0;
				TARGETED_DEVICE_FAMILY = "1,2";
			};
			name = Debug;
		};
		EE7D60A428C594D7005AD0C8 /* Release */ = {
			isa = XCBuildConfiguration;
			buildSettings = {
				ASSETCATALOG_COMPILER_APPICON_NAME = AppIcon;
				ASSETCATALOG_COMPILER_GLOBAL_ACCENT_COLOR_NAME = AccentColor;
				CODE_SIGN_STYLE = Automatic;
				CURRENT_PROJECT_VERSION = 1;
				DEVELOPMENT_TEAM = 4G4YKXJ9A6;
				GENERATE_INFOPLIST_FILE = YES;
				INFOPLIST_FILE = "UPS Tracker/Info.plist";
				INFOPLIST_KEY_UIApplicationSupportsIndirectInputEvents = YES;
				INFOPLIST_KEY_UILaunchStoryboardName = LaunchScreen;
				INFOPLIST_KEY_UIMainStoryboardFile = Main;
				INFOPLIST_KEY_UISupportedInterfaceOrientations_iPad = "UIInterfaceOrientationPortrait UIInterfaceOrientationPortraitUpsideDown UIInterfaceOrientationLandscapeLeft UIInterfaceOrientationLandscapeRight";
				INFOPLIST_KEY_UISupportedInterfaceOrientations_iPhone = "UIInterfaceOrientationPortrait UIInterfaceOrientationLandscapeLeft UIInterfaceOrientationLandscapeRight";
				LD_RUNPATH_SEARCH_PATHS = (
					"$(inherited)",
					"@executable_path/Frameworks",
				);
				MARKETING_VERSION = 1.0;
				PRODUCT_BUNDLE_IDENTIFIER = "AdebayoSotannde.UPS-Tracker";
				PRODUCT_NAME = "$(TARGET_NAME)";
				SWIFT_EMIT_LOC_STRINGS = YES;
				SWIFT_VERSION = 5.0;
				TARGETED_DEVICE_FAMILY = "1,2";
			};
			name = Release;
		};
/* End XCBuildConfiguration section */

/* Begin XCConfigurationList section */
		EE7D608628C594D5005AD0C8 /* Build configuration list for PBXProject "UPS Tracker" */ = {
			isa = XCConfigurationList;
			buildConfigurations = (
				EE7D60A028C594D7005AD0C8 /* Debug */,
				EE7D60A128C594D7005AD0C8 /* Release */,
			);
			defaultConfigurationIsVisible = 0;
			defaultConfigurationName = Release;
		};
		EE7D60A228C594D7005AD0C8 /* Build configuration list for PBXNativeTarget "UPS Tracker" */ = {
			isa = XCConfigurationList;
			buildConfigurations = (
				EE7D60A328C594D7005AD0C8 /* Debug */,
				EE7D60A428C594D7005AD0C8 /* Release */,
			);
			defaultConfigurationIsVisible = 0;
			defaultConfigurationName = Release;
		};
/* End XCConfigurationList section */

/* Begin XCVersionGroup section */
		EE7D609728C594D6005AD0C8 /* UPS_Tracker.xcdatamodeld */ = {
			isa = XCVersionGroup;
			children = (
				EE7D609828C594D6005AD0C8 /* UPS_Tracker.xcdatamodel */,
			);
			currentVersion = EE7D609828C594D6005AD0C8 /* UPS_Tracker.xcdatamodel */;
			path = UPS_Tracker.xcdatamodeld;
			sourceTree = "<group>";
			versionGroupType = wrapper.xcdatamodel;
		};
/* End XCVersionGroup section */
	};
	rootObject = EE7D608328C594D5005AD0C8 /* Project object */;
}
